
Microsoft Visual Studio Solution File, Format Version 11.00
# Visual Studio 2010
Project("{FAE04EC0-301F-11D3-BF4B-00C04F79EFBC}") = "libsolar", "libsolar\libsolar.csproj", "{B10031CA-8F30-4D3E-8185-AEC4636D0648}"
EndProject
Project("{FAE04EC0-301F-11D3-BF4B-00C04F79EFBC}") = "console", "console\console.csproj", "{855E14AE-32A5-476A-9966-B3B4ABCC93A2}"
EndProject
Project("{FAE04EC0-301F-11D3-BF4B-00C04F79EFBC}") = "solarbeam", "solarbeam\solarbeam.csproj", "{66BB16EF-C023-4729-8C87-44D1771CE237}"
EndProject
Project("{FAE04EC0-301F-11D3-BF4B-00C04F79EFBC}") = "libpublicdomain", "libpublicdomain\libpublicdomain.csproj", "{7285F2CC-F0EF-4744-A07E-B41DB4F307C3}"
EndProject
Global
	GlobalSection(SolutionConfigurationPlatforms) = preSolution
		Debug|Any CPU = Debug|Any CPU
		Release|Any CPU = Release|Any CPU
	EndGlobalSection
	GlobalSection(ProjectConfigurationPlatforms) = postSolution
		{66BB16EF-C023-4729-8C87-44D1771CE237}.Debug|Any CPU.ActiveCfg = Debug|Any CPU
		{66BB16EF-C023-4729-8C87-44D1771CE237}.Debug|Any CPU.Build.0 = Debug|Any CPU
		{66BB16EF-C023-4729-8C87-44D1771CE237}.Release|Any CPU.ActiveCfg = Release|Any CPU
		{66BB16EF-C023-4729-8C87-44D1771CE237}.Release|Any CPU.Build.0 = Release|Any CPU
		{7285F2CC-F0EF-4744-A07E-B41DB4F307C3}.Debug|Any CPU.ActiveCfg = Debug|Any CPU
		{7285F2CC-F0EF-4744-A07E-B41DB4F307C3}.Debug|Any CPU.Build.0 = Debug|Any CPU
		{7285F2CC-F0EF-4744-A07E-B41DB4F307C3}.Release|Any CPU.ActiveCfg = Release|Any CPU
		{7285F2CC-F0EF-4744-A07E-B41DB4F307C3}.Release|Any CPU.Build.0 = Release|Any CPU
		{855E14AE-32A5-476A-9966-B3B4ABCC93A2}.Debug|Any CPU.ActiveCfg = Debug|Any CPU
		{855E14AE-32A5-476A-9966-B3B4ABCC93A2}.Debug|Any CPU.Build.0 = Debug|Any CPU
		{855E14AE-32A5-476A-9966-B3B4ABCC93A2}.Release|Any CPU.ActiveCfg = Release|Any CPU
		{855E14AE-32A5-476A-9966-B3B4ABCC93A2}.Release|Any CPU.Build.0 = Release|Any CPU
		{B10031CA-8F30-4D3E-8185-AEC4636D0648}.Debug|Any CPU.ActiveCfg = Debug|Any CPU
		{B10031CA-8F30-4D3E-8185-AEC4636D0648}.Debug|Any CPU.Build.0 = Debug|Any CPU
		{B10031CA-8F30-4D3E-8185-AEC4636D0648}.Release|Any CPU.ActiveCfg = Release|Any CPU
		{B10031CA-8F30-4D3E-8185-AEC4636D0648}.Release|Any CPU.Build.0 = Release|Any CPU
	EndGlobalSection
	GlobalSection(MonoDevelopProperties) = preSolution
		StartupItem = solarbeam\solarbeam.csproj
		Policies = $0
		$0.TextStylePolicy = $1
		$1.TabsToSpaces = False
		$1.RemoveTrailingWhitespace = False
		$1.NoTabsAfterNonTabs = True
		$1.inheritsSet = VisualStudio
		$1.inheritsScope = text/plain
		$0.StandardHeader = $2
		$2.Text = @Copyright (c) 2013 Martin Matusiak <numerodix@gmail.com>\nLicensed under the GNU Public License, version 3.
		$2.IncludeInNewFiles = True
		$0.DotNetNamingPolicy = $3
		$3.DirectoryNamespaceAssociation = None
		$3.ResourceNamePolicy = FileFormatDefault
		name = solarbeam
	EndGlobalSection
EndGlobal
